
Microsoft Visual Studio Solution File, Format Version 12.00
# Visual Studio Version 17
VisualStudioVersion = 17.7.34221.43
MinimumVisualStudioVersion = 10.0.40219.1
Project("{FAE04EC0-301F-11D3-BF4B-00C04F79EFBC}") = "asp_net_site", "asp_net_site\asp_net_site.csproj", "{039A2F04-C5C0-4485-991A-85D5D99592E3}"
EndProject
Global
	GlobalSection(SolutionConfigurationPlatforms) = preSolution
		Debug|Any CPU = Debug|Any CPU
		Release|Any CPU = Release|Any CPU
	EndGlobalSection
	GlobalSection(ProjectConfigurationPlatforms) = postSolution
		{039A2F04-C5C0-4485-991A-85D5D99592E3}.Debug|Any CPU.ActiveCfg = Debug|Any CPU
		{039A2F04-C5C0-4485-991A-85D5D99592E3}.Debug|Any CPU.Build.0 = Debug|Any CPU
		{039A2F04-C5C0-4485-991A-85D5D99592E3}.Release|Any CPU.ActiveCfg = Release|Any CPU
		{039A2F04-C5C0-4485-991A-85D5D99592E3}.Release|Any CPU.Build.0 = Release|Any CPU
	EndGlobalSection
	GlobalSection(SolutionProperties) = preSolution
		HideSolutionNode = FALSE
	EndGlobalSection
	GlobalSection(ExtensibilityGlobals) = postSolution
		SolutionGuid = {283008B5-7547-4321-B4B4-ACA4E9EE4CCA}
	EndGlobalSection
EndGlobal
